// !$*UTF8*$!
{
	archiveVersion = 1;
	classes = {
	};
	objectVersion = 50;
	objects = {

/* Begin PBXBuildFile section */
		88FBE041243CC1F500AD5250 /* AppDelegate.swift in Sources */ = {isa = PBXBuildFile; fileRef = 88FBE040243CC1F500AD5250 /* AppDelegate.swift */; };
		88FBE043243CC1F500AD5250 /* SceneDelegate.swift in Sources */ = {isa = PBXBuildFile; fileRef = 88FBE042243CC1F500AD5250 /* SceneDelegate.swift */; };
		88FBE045243CC1F500AD5250 /* WelcomeViewController.swift in Sources */ = {isa = PBXBuildFile; fileRef = 88FBE044243CC1F500AD5250 /* WelcomeViewController.swift */; };
		88FBE048243CC1F500AD5250 /* Main.storyboard in Resources */ = {isa = PBXBuildFile; fileRef = 88FBE046243CC1F500AD5250 /* Main.storyboard */; };
		88FBE04A243CC1FC00AD5250 /* Assets.xcassets in Resources */ = {isa = PBXBuildFile; fileRef = 88FBE049243CC1FC00AD5250 /* Assets.xcassets */; };
		88FBE04D243CC1FC00AD5250 /* LaunchScreen.storyboard in Resources */ = {isa = PBXBuildFile; fileRef = 88FBE04B243CC1FC00AD5250 /* LaunchScreen.storyboard */; };
		88FBE058243CC1FC00AD5250 /* KVODemoTests.swift in Sources */ = {isa = PBXBuildFile; fileRef = 88FBE057243CC1FC00AD5250 /* KVODemoTests.swift */; };
		88FBE063243CC6EF00AD5250 /* SettingsViewController.swift in Sources */ = {isa = PBXBuildFile; fileRef = 88FBE062243CC6EF00AD5250 /* SettingsViewController.swift */; };
		88FBE065243CC86700AD5250 /* Settings.swift in Sources */ = {isa = PBXBuildFile; fileRef = 88FBE064243CC86700AD5250 /* Settings.swift */; };
/* End PBXBuildFile section */

/* Begin PBXContainerItemProxy section */
		88FBE054243CC1FC00AD5250 /* PBXContainerItemProxy */ = {
			isa = PBXContainerItemProxy;
			containerPortal = 88FBE035243CC1F500AD5250 /* Project object */;
			proxyType = 1;
			remoteGlobalIDString = 88FBE03C243CC1F500AD5250;
			remoteInfo = KVODemo;
		};
/* End PBXContainerItemProxy section */

/* Begin PBXFileReference section */
		88FBE03D243CC1F500AD5250 /* KVODemo.app */ = {isa = PBXFileReference; explicitFileType = wrapper.application; includeInIndex = 0; path = KVODemo.app; sourceTree = BUILT_PRODUCTS_DIR; };
		88FBE040243CC1F500AD5250 /* AppDelegate.swift */ = {isa = PBXFileReference; lastKnownFileType = sourcecode.swift; path = AppDelegate.swift; sourceTree = "<group>"; };
		88FBE042243CC1F500AD5250 /* SceneDelegate.swift */ = {isa = PBXFileReference; lastKnownFileType = sourcecode.swift; path = SceneDelegate.swift; sourceTree = "<group>"; };
		88FBE044243CC1F500AD5250 /* WelcomeViewController.swift */ = {isa = PBXFileReference; lastKnownFileType = sourcecode.swift; path = WelcomeViewController.swift; sourceTree = "<group>"; };
		88FBE047243CC1F500AD5250 /* Base */ = {isa = PBXFileReference; lastKnownFileType = file.storyboard; name = Base; path = Base.lproj/Main.storyboard; sourceTree = "<group>"; };
		88FBE049243CC1FC00AD5250 /* Assets.xcassets */ = {isa = PBXFileReference; lastKnownFileType = folder.assetcatalog; path = Assets.xcassets; sourceTree = "<group>"; };
		88FBE04C243CC1FC00AD5250 /* Base */ = {isa = PBXFileReference; lastKnownFileType = file.storyboard; name = Base; path = Base.lproj/LaunchScreen.storyboard; sourceTree = "<group>"; };
		88FBE04E243CC1FC00AD5250 /* Info.plist */ = {isa = PBXFileReference; lastKnownFileType = text.plist.xml; path = Info.plist; sourceTree = "<group>"; };
		88FBE053243CC1FC00AD5250 /* KVODemoTests.xctest */ = {isa = PBXFileReference; explicitFileType = wrapper.cfbundle; includeInIndex = 0; path = KVODemoTests.xctest; sourceTree = BUILT_PRODUCTS_DIR; };
		88FBE057243CC1FC00AD5250 /* KVODemoTests.swift */ = {isa = PBXFileReference; lastKnownFileType = sourcecode.swift; path = KVODemoTests.swift; sourceTree = "<group>"; };
		88FBE059243CC1FC00AD5250 /* Info.plist */ = {isa = PBXFileReference; lastKnownFileType = text.plist.xml; path = Info.plist; sourceTree = "<group>"; };
		88FBE062243CC6EF00AD5250 /* SettingsViewController.swift */ = {isa = PBXFileReference; lastKnownFileType = sourcecode.swift; path = SettingsViewController.swift; sourceTree = "<group>"; };
		88FBE064243CC86700AD5250 /* Settings.swift */ = {isa = PBXFileReference; lastKnownFileType = sourcecode.swift; path = Settings.swift; sourceTree = "<group>"; };
/* End PBXFileReference section */

/* Begin PBXFrameworksBuildPhase section */
		88FBE03A243CC1F500AD5250 /* Frameworks */ = {
			isa = PBXFrameworksBuildPhase;
			buildActionMask = 2147483647;
			files = (
			);
			runOnlyForDeploymentPostprocessing = 0;
		};
		88FBE050243CC1FC00AD5250 /* Frameworks */ = {
			isa = PBXFrameworksBuildPhase;
			buildActionMask = 2147483647;
			files = (
			);
			runOnlyForDeploymentPostprocessing = 0;
		};
/* End PBXFrameworksBuildPhase section */

/* Begin PBXGroup section */
		88FBE034243CC1F500AD5250 = {
			isa = PBXGroup;
			children = (
				88FBE03F243CC1F500AD5250 /* KVODemo */,
				88FBE056243CC1FC00AD5250 /* KVODemoTests */,
				88FBE03E243CC1F500AD5250 /* Products */,
			);
			sourceTree = "<group>";
		};
		88FBE03E243CC1F500AD5250 /* Products */ = {
			isa = PBXGroup;
			children = (
				88FBE03D243CC1F500AD5250 /* KVODemo.app */,
				88FBE053243CC1FC00AD5250 /* KVODemoTests.xctest */,
			);
			name = Products;
			sourceTree = "<group>";
		};
		88FBE03F243CC1F500AD5250 /* KVODemo */ = {
			isa = PBXGroup;
			children = (
				88FBE040243CC1F500AD5250 /* AppDelegate.swift */,
				88FBE042243CC1F500AD5250 /* SceneDelegate.swift */,
				88FBE044243CC1F500AD5250 /* WelcomeViewController.swift */,
				88FBE062243CC6EF00AD5250 /* SettingsViewController.swift */,
				88FBE064243CC86700AD5250 /* Settings.swift */,
				88FBE046243CC1F500AD5250 /* Main.storyboard */,
				88FBE049243CC1FC00AD5250 /* Assets.xcassets */,
				88FBE04B243CC1FC00AD5250 /* LaunchScreen.storyboard */,
				88FBE04E243CC1FC00AD5250 /* Info.plist */,
			);
			path = KVODemo;
			sourceTree = "<group>";
		};
		88FBE056243CC1FC00AD5250 /* KVODemoTests */ = {
			isa = PBXGroup;
			children = (
				88FBE057243CC1FC00AD5250 /* KVODemoTests.swift */,
				88FBE059243CC1FC00AD5250 /* Info.plist */,
			);
			path = KVODemoTests;
			sourceTree = "<group>";
		};
/* End PBXGroup section */

/* Begin PBXNativeTarget section */
		88FBE03C243CC1F500AD5250 /* KVODemo */ = {
			isa = PBXNativeTarget;
			buildConfigurationList = 88FBE05C243CC1FC00AD5250 /* Build configuration list for PBXNativeTarget "KVODemo" */;
			buildPhases = (
				88FBE039243CC1F500AD5250 /* Sources */,
				88FBE03A243CC1F500AD5250 /* Frameworks */,
				88FBE03B243CC1F500AD5250 /* Resources */,
			);
			buildRules = (
			);
			dependencies = (
			);
			name = KVODemo;
			productName = KVODemo;
			productReference = 88FBE03D243CC1F500AD5250 /* KVODemo.app */;
			productType = "com.apple.product-type.application";
		};
		88FBE052243CC1FC00AD5250 /* KVODemoTests */ = {
			isa = PBXNativeTarget;
			buildConfigurationList = 88FBE05F243CC1FC00AD5250 /* Build configuration list for PBXNativeTarget "KVODemoTests" */;
			buildPhases = (
				88FBE04F243CC1FC00AD5250 /* Sources */,
				88FBE050243CC1FC00AD5250 /* Frameworks */,
				88FBE051243CC1FC00AD5250 /* Resources */,
			);
			buildRules = (
			);
			dependencies = (
				88FBE055243CC1FC00AD5250 /* PBXTargetDependency */,
			);
			name = KVODemoTests;
			productName = KVODemoTests;
			productReference = 88FBE053243CC1FC00AD5250 /* KVODemoTests.xctest */;
			productType = "com.apple.product-type.bundle.unit-test";
		};
/* End PBXNativeTarget section */

/* Begin PBXProject section */
		88FBE035243CC1F500AD5250 /* Project object */ = {
			isa = PBXProject;
			attributes = {
				LastSwiftUpdateCheck = 1140;
				LastUpgradeCheck = 1140;
				ORGANIZATIONNAME = "Howard Chang";
				TargetAttributes = {
					88FBE03C243CC1F500AD5250 = {
						CreatedOnToolsVersion = 11.4;
					};
					88FBE052243CC1FC00AD5250 = {
						CreatedOnToolsVersion = 11.4;
						TestTargetID = 88FBE03C243CC1F500AD5250;
					};
				};
			};
			buildConfigurationList = 88FBE038243CC1F500AD5250 /* Build configuration list for PBXProject "KVODemo" */;
			compatibilityVersion = "Xcode 9.3";
			developmentRegion = en;
			hasScannedForEncodings = 0;
			knownRegions = (
				en,
				Base,
			);
			mainGroup = 88FBE034243CC1F500AD5250;
			productRefGroup = 88FBE03E243CC1F500AD5250 /* Products */;
			projectDirPath = "";
			projectRoot = "";
			targets = (
				88FBE03C243CC1F500AD5250 /* KVODemo */,
				88FBE052243CC1FC00AD5250 /* KVODemoTests */,
			);
		};
/* End PBXProject section */

/* Begin PBXResourcesBuildPhase section */
		88FBE03B243CC1F500AD5250 /* Resources */ = {
			isa = PBXResourcesBuildPhase;
			buildActionMask = 2147483647;
			files = (
				88FBE04D243CC1FC00AD5250 /* LaunchScreen.storyboard in Resources */,
				88FBE04A243CC1FC00AD5250 /* Assets.xcassets in Resources */,
				88FBE048243CC1F500AD5250 /* Main.storyboard in Resources */,
			);
			runOnlyForDeploymentPostprocessing = 0;
		};
		88FBE051243CC1FC00AD5250 /* Resources */ = {
			isa = PBXResourcesBuildPhase;
			buildActionMask = 2147483647;
			files = (
			);
			runOnlyForDeploymentPostprocessing = 0;
		};
/* End PBXResourcesBuildPhase section */

/* Begin PBXSourcesBuildPhase section */
		88FBE039243CC1F500AD5250 /* Sources */ = {
			isa = PBXSourcesBuildPhase;
			buildActionMask = 2147483647;
			files = (
				88FBE045243CC1F500AD5250 /* WelcomeViewController.swift in Sources */,
				88FBE041243CC1F500AD5250 /* AppDelegate.swift in Sources */,
				88FBE043243CC1F500AD5250 /* SceneDelegate.swift in Sources */,
				88FBE063243CC6EF00AD5250 /* SettingsViewController.swift in Sources */,
				88FBE065243CC86700AD5250 /* Settings.swift in Sources */,
			);
			runOnlyForDeploymentPostprocessing = 0;
		};
		88FBE04F243CC1FC00AD5250 /* Sources */ = {
			isa = PBXSourcesBuildPhase;
			buildActionMask = 2147483647;
			files = (
				88FBE058243CC1FC00AD5250 /* KVODemoTests.swift in Sources */,
			);
			runOnlyForDeploymentPostprocessing = 0;
		};
/* End PBXSourcesBuildPhase section */

/* Begin PBXTargetDependency section */
		88FBE055243CC1FC00AD5250 /* PBXTargetDependency */ = {
			isa = PBXTargetDependency;
			target = 88FBE03C243CC1F500AD5250 /* KVODemo */;
			targetProxy = 88FBE054243CC1FC00AD5250 /* PBXContainerItemProxy */;
		};
/* End PBXTargetDependency section */

/* Begin PBXVariantGroup section */
		88FBE046243CC1F500AD5250 /* Main.storyboard */ = {
			isa = PBXVariantGroup;
			children = (
				88FBE047243CC1F500AD5250 /* Base */,
			);
			name = Main.storyboard;
			sourceTree = "<group>";
		};
		88FBE04B243CC1FC00AD5250 /* LaunchScreen.storyboard */ = {
			isa = PBXVariantGroup;
			children = (
				88FBE04C243CC1FC00AD5250 /* Base */,
			);
			name = LaunchScreen.storyboard;
			sourceTree = "<group>";
		};
/* End PBXVariantGroup section */

/* Begin XCBuildConfiguration section */
		88FBE05A243CC1FC00AD5250 /* Debug */ = {
			isa = XCBuildConfiguration;
			buildSettings = {
				ALWAYS_SEARCH_USER_PATHS = NO;
				CLANG_ANALYZER_NONNULL = YES;
				CLANG_ANALYZER_NUMBER_OBJECT_CONVERSION = YES_AGGRESSIVE;
				CLANG_CXX_LANGUAGE_STANDARD = "gnu++14";
				CLANG_CXX_LIBRARY = "libc++";
				CLANG_ENABLE_MODULES = YES;
				CLANG_ENABLE_OBJC_ARC = YES;
				CLANG_ENABLE_OBJC_WEAK = YES;
				CLANG_WARN_BLOCK_CAPTURE_AUTORELEASING = YES;
				CLANG_WARN_BOOL_CONVERSION = YES;
				CLANG_WARN_COMMA = YES;
				CLANG_WARN_CONSTANT_CONVERSION = YES;
				CLANG_WARN_DEPRECATED_OBJC_IMPLEMENTATIONS = YES;
				CLANG_WARN_DIRECT_OBJC_ISA_USAGE = YES_ERROR;
				CLANG_WARN_DOCUMENTATION_COMMENTS = YES;
				CLANG_WARN_EMPTY_BODY = YES;
				CLANG_WARN_ENUM_CONVERSION = YES;
				CLANG_WARN_INFINITE_RECURSION = YES;
				CLANG_WARN_INT_CONVERSION = YES;
				CLANG_WARN_NON_LITERAL_NULL_CONVERSION = YES;
				CLANG_WARN_OBJC_IMPLICIT_RETAIN_SELF = YES;
				CLANG_WARN_OBJC_LITERAL_CONVERSION = YES;
				CLANG_WARN_OBJC_ROOT_CLASS = YES_ERROR;
				CLANG_WARN_RANGE_LOOP_ANALYSIS = YES;
				CLANG_WARN_STRICT_PROTOTYPES = YES;
				CLANG_WARN_SUSPICIOUS_MOVE = YES;
				CLANG_WARN_UNGUARDED_AVAILABILITY = YES_AGGRESSIVE;
				CLANG_WARN_UNREACHABLE_CODE = YES;
				CLANG_WARN__DUPLICATE_METHOD_MATCH = YES;
				COPY_PHASE_STRIP = NO;
				DEBUG_INFORMATION_FORMAT = dwarf;
				ENABLE_STRICT_OBJC_MSGSEND = YES;
				ENABLE_TESTABILITY = YES;
				GCC_C_LANGUAGE_STANDARD = gnu11;
				GCC_DYNAMIC_NO_PIC = NO;
				GCC_NO_COMMON_BLOCKS = YES;
				GCC_OPTIMIZATION_LEVEL = 0;
				GCC_PREPROCESSOR_DEFINITIONS = (
					"DEBUG=1",
					"$(inherited)",
				);
				GCC_WARN_64_TO_32_BIT_CONVERSION = YES;
				GCC_WARN_ABOUT_RETURN_TYPE = YES_ERROR;
				GCC_WARN_UNDECLARED_SELECTOR = YES;
				GCC_WARN_UNINITIALIZED_AUTOS = YES_AGGRESSIVE;
				GCC_WARN_UNUSED_FUNCTION = YES;
				GCC_WARN_UNUSED_VARIABLE = YES;
				IPHONEOS_DEPLOYMENT_TARGET = 13.4;
				MTL_ENABLE_DEBUG_INFO = INCLUDE_SOURCE;
				MTL_FAST_MATH = YES;
				ONLY_ACTIVE_ARCH = YES;
				SDKROOT = iphoneos;
				SWIFT_ACTIVE_COMPILATION_CONDITIONS = DEBUG;
				SWIFT_OPTIMIZATION_LEVEL = "-Onone";
			};
			name = Debug;
		};
		88FBE05B243CC1FC00AD5250 /* Release */ = {
			isa = XCBuildConfiguration;
			buildSettings = {
				ALWAYS_SEARCH_USER_PATHS = NO;
				CLANG_ANALYZER_NONNULL = YES;
				CLANG_ANALYZER_NUMBER_OBJECT_CONVERSION = YES_AGGRESSIVE;
				CLANG_CXX_LANGUAGE_STANDARD = "gnu++14";
				CLANG_CXX_LIBRARY = "libc++";
				CLANG_ENABLE_MODULES = YES;
				CLANG_ENABLE_OBJC_ARC = YES;
				CLANG_ENABLE_OBJC_WEAK = YES;
				CLANG_WARN_BLOCK_CAPTURE_AUTORELEASING = YES;
				CLANG_WARN_BOOL_CONVERSION = YES;
				CLANG_WARN_COMMA = YES;
				CLANG_WARN_CONSTANT_CONVERSION = YES;
				CLANG_WARN_DEPRECATED_OBJC_IMPLEMENTATIONS = YES;
				CLANG_WARN_DIRECT_OBJC_ISA_USAGE = YES_ERROR;
				CLANG_WARN_DOCUMENTATION_COMMENTS = YES;
				CLANG_WARN_EMPTY_BODY = YES;
				CLANG_WARN_ENUM_CONVERSION = YES;
				CLANG_WARN_INFINITE_RECURSION = YES;
				CLANG_WARN_INT_CONVERSION = YES;
				CLANG_WARN_NON_LITERAL_NULL_CONVERSION = YES;
				CLANG_WARN_OBJC_IMPLICIT_RETAIN_SELF = YES;
				CLANG_WARN_OBJC_LITERAL_CONVERSION = YES;
				CLANG_WARN_OBJC_ROOT_CLASS = YES_ERROR;
				CLANG_WARN_RANGE_LOOP_ANALYSIS = YES;
				CLANG_WARN_STRICT_PROTOTYPES = YES;
				CLANG_WARN_SUSPICIOUS_MOVE = YES;
				CLANG_WARN_UNGUARDED_AVAILABILITY = YES_AGGRESSIVE;
				CLANG_WARN_UNREACHABLE_CODE = YES;
				CLANG_WARN__DUPLICATE_METHOD_MATCH = YES;
				COPY_PHASE_STRIP = NO;
				DEBUG_INFORMATION_FORMAT = "dwarf-with-dsym";
				ENABLE_NS_ASSERTIONS = NO;
				ENABLE_STRICT_OBJC_MSGSEND = YES;
				GCC_C_LANGUAGE_STANDARD = gnu11;
				GCC_NO_COMMON_BLOCKS = YES;
				GCC_WARN_64_TO_32_BIT_CONVERSION = YES;
				GCC_WARN_ABOUT_RETURN_TYPE = YES_ERROR;
				GCC_WARN_UNDECLARED_SELECTOR = YES;
				GCC_WARN_UNINITIALIZED_AUTOS = YES_AGGRESSIVE;
				GCC_WARN_UNUSED_FUNCTION = YES;
				GCC_WARN_UNUSED_VARIABLE = YES;
				IPHONEOS_DEPLOYMENT_TARGET = 13.4;
				MTL_ENABLE_DEBUG_INFO = NO;
				MTL_FAST_MATH = YES;
				SDKROOT = iphoneos;
				SWIFT_COMPILATION_MODE = wholemodule;
				SWIFT_OPTIMIZATION_LEVEL = "-O";
				VALIDATE_PRODUCT = YES;
			};
			name = Release;
		};
		88FBE05D243CC1FC00AD5250 /* Debug */ = {
			isa = XCBuildConfiguration;
			buildSettings = {
				ASSETCATALOG_COMPILER_APPICON_NAME = AppIcon;
				CODE_SIGN_STYLE = Automatic;
				DEVELOPMENT_TEAM = H39KTTHR8M;
				INFOPLIST_FILE = KVODemo/Info.plist;
				LD_RUNPATH_SEARCH_PATHS = (
					"$(inherited)",
					"@executable_path/Frameworks",
				);
				PRODUCT_BUNDLE_IDENTIFIER = com.howardchang.login.KVODemo;
				PRODUCT_NAME = "$(TARGET_NAME)";
				SWIFT_VERSION = 5.0;
				TARGETED_DEVICE_FAMILY = "1,2";
			};
			name = Debug;
		};
		88FBE05E243CC1FC00AD5250 /* Release */ = {
			isa = XCBuildConfiguration;
			buildSettings = {
				ASSETCATALOG_COMPILER_APPICON_NAME = AppIcon;
				CODE_SIGN_STYLE = Automatic;
				DEVELOPMENT_TEAM = H39KTTHR8M;
				INFOPLIST_FILE = KVODemo/Info.plist;
				LD_RUNPATH_SEARCH_PATHS = (
					"$(inherited)",
					"@executable_path/Frameworks",
				);
				PRODUCT_BUNDLE_IDENTIFIER = com.howardchang.login.KVODemo;
				PRODUCT_NAME = "$(TARGET_NAME)";
				SWIFT_VERSION = 5.0;
				TARGETED_DEVICE_FAMILY = "1,2";
			};
			name = Release;
		};
		88FBE060243CC1FC00AD5250 /* Debug */ = {
			isa = XCBuildConfiguration;
			buildSettings = {
				ALWAYS_EMBED_SWIFT_STANDARD_LIBRARIES = YES;
				BUNDLE_LOADER = "$(TEST_HOST)";
				CODE_SIGN_STYLE = Automatic;
				DEVELOPMENT_TEAM = H39KTTHR8M;
				INFOPLIST_FILE = KVODemoTests/Info.plist;
				IPHONEOS_DEPLOYMENT_TARGET = 13.4;
				LD_RUNPATH_SEARCH_PATHS = (
					"$(inherited)",
					"@executable_path/Frameworks",
					"@loader_path/Frameworks",
				);
				PRODUCT_BUNDLE_IDENTIFIER = com.howardchang.login.KVODemoTests;
				PRODUCT_NAME = "$(TARGET_NAME)";
				SWIFT_VERSION = 5.0;
				TARGETED_DEVICE_FAMILY = "1,2";
				TEST_HOST = "$(BUILT_PRODUCTS_DIR)/KVODemo.app/KVODemo";
			};
			name = Debug;
		};
		88FBE061243CC1FC00AD5250 /* Release */ = {
			isa = XCBuildConfiguration;
			buildSettings = {
				ALWAYS_EMBED_SWIFT_STANDARD_LIBRARIES = YES;
				BUNDLE_LOADER = "$(TEST_HOST)";
				CODE_SIGN_STYLE = Automatic;
				DEVELOPMENT_TEAM = H39KTTHR8M;
				INFOPLIST_FILE = KVODemoTests/Info.plist;
				IPHONEOS_DEPLOYMENT_TARGET = 13.4;
				LD_RUNPATH_SEARCH_PATHS = (
					"$(inherited)",
					"@executable_path/Frameworks",
					"@loader_path/Frameworks",
				);
				PRODUCT_BUNDLE_IDENTIFIER = com.howardchang.login.KVODemoTests;
				PRODUCT_NAME = "$(TARGET_NAME)";
				SWIFT_VERSION = 5.0;
				TARGETED_DEVICE_FAMILY = "1,2";
				TEST_HOST = "$(BUILT_PRODUCTS_DIR)/KVODemo.app/KVODemo";
			};
			name = Release;
		};
/* End XCBuildConfiguration section */

/* Begin XCConfigurationList section */
		88FBE038243CC1F500AD5250 /* Build configuration list for PBXProject "KVODemo" */ = {
			isa = XCConfigurationList;
			buildConfigurations = (
				88FBE05A243CC1FC00AD5250 /* Debug */,
				88FBE05B243CC1FC00AD5250 /* Release */,
			);
			defaultConfigurationIsVisible = 0;
			defaultConfigurationName = Release;
		};
		88FBE05C243CC1FC00AD5250 /* Build configuration list for PBXNativeTarget "KVODemo" */ = {
			isa = XCConfigurationList;
			buildConfigurations = (
				88FBE05D243CC1FC00AD5250 /* Debug */,
				88FBE05E243CC1FC00AD5250 /* Release */,
			);
			defaultConfigurationIsVisible = 0;
			defaultConfigurationName = Release;
		};
		88FBE05F243CC1FC00AD5250 /* Build configuration list for PBXNativeTarget "KVODemoTests" */ = {
			isa = XCConfigurationList;
			buildConfigurations = (
				88FBE060243CC1FC00AD5250 /* Debug */,
				88FBE061243CC1FC00AD5250 /* Release */,
			);
			defaultConfigurationIsVisible = 0;
			defaultConfigurationName = Release;
		};
/* End XCConfigurationList section */
	};
	rootObject = 88FBE035243CC1F500AD5250 /* Project object */;
}
